
Microsoft Visual Studio Solution File, Format Version 12.00
# Visual Studio 2012
Project("{8BC9CEB8-8B4A-11D0-8D11-00A0C91BC942}") = "Projekt", "Projekt.vcxproj", "{81FC2A57-8121-4DEA-9DD8-FAA55054883C}"
EndProject
Global
	GlobalSection(SolutionConfigurationPlatforms) = preSolution
		Debug|Win32 = Debug|Win32
		Release|Win32 = Release|Win32
	EndGlobalSection
	GlobalSection(ProjectConfigurationPlatforms) = postSolution
		{81FC2A57-8121-4DEA-9DD8-FAA55054883C}.Debug|Win32.ActiveCfg = Debug|Win32
		{81FC2A57-8121-4DEA-9DD8-FAA55054883C}.Debug|Win32.Build.0 = Debug|Win32
		{81FC2A57-8121-4DEA-9DD8-FAA55054883C}.Release|Win32.ActiveCfg = Release|Win32
		{81FC2A57-8121-4DEA-9DD8-FAA55054883C}.Release|Win32.Build.0 = Release|Win32
	EndGlobalSection
	GlobalSection(SolutionProperties) = preSolution
		HideSolutionNode = FALSE
	EndGlobalSection
EndGlobal
